
Microsoft Visual Studio Solution File, Format Version 12.00
# Visual Studio Version 17
VisualStudioVersion = 17.5.33424.131
MinimumVisualStudioVersion = 10.0.40219.1
Project("{888888A0-9F3D-457C-B088-3A5042F75D52}") = "python提高篇", "python提高篇\python提高篇.pyproj", "{BD4F999B-C6AB-4340-A1D9-6AF3A06784F1}"
EndProject
Global
	GlobalSection(SolutionConfigurationPlatforms) = preSolution
		Debug|Any CPU = Debug|Any CPU
		Release|Any CPU = Release|Any CPU
	EndGlobalSection
	GlobalSection(ProjectConfigurationPlatforms) = postSolution
		{BD4F999B-C6AB-4340-A1D9-6AF3A06784F1}.Debug|Any CPU.ActiveCfg = Debug|Any CPU
		{BD4F999B-C6AB-4340-A1D9-6AF3A06784F1}.Release|Any CPU.ActiveCfg = Release|Any CPU
	EndGlobalSection
	GlobalSection(SolutionProperties) = preSolution
		HideSolutionNode = FALSE
	EndGlobalSection
	GlobalSection(ExtensibilityGlobals) = postSolution
		SolutionGuid = {4E0856AF-A82E-42B5-9FDF-F6AACDAA0384}
	EndGlobalSection
EndGlobal
